
Microsoft Visual Studio Solution File, Format Version 12.00
# Visual Studio Version 17
VisualStudioVersion = 17.5.002.0
MinimumVisualStudioVersion = 10.0.40219.1
Project("{9A19103F-16F7-4668-BE54-9A1E7A4F7556}") = "Floor and Ceil", "Floor and Ceil.csproj", "{0D905FB7-8D4E-4D2C-A97F-9A797DF57B46}"
EndProject
Global
	GlobalSection(SolutionConfigurationPlatforms) = preSolution
		Debug|Any CPU = Debug|Any CPU
		Release|Any CPU = Release|Any CPU
	EndGlobalSection
	GlobalSection(ProjectConfigurationPlatforms) = postSolution
		{0D905FB7-8D4E-4D2C-A97F-9A797DF57B46}.Debug|Any CPU.ActiveCfg = Debug|Any CPU
		{0D905FB7-8D4E-4D2C-A97F-9A797DF57B46}.Debug|Any CPU.Build.0 = Debug|Any CPU
		{0D905FB7-8D4E-4D2C-A97F-9A797DF57B46}.Release|Any CPU.ActiveCfg = Release|Any CPU
		{0D905FB7-8D4E-4D2C-A97F-9A797DF57B46}.Release|Any CPU.Build.0 = Release|Any CPU
	EndGlobalSection
	GlobalSection(SolutionProperties) = preSolution
		HideSolutionNode = FALSE
	EndGlobalSection
	GlobalSection(ExtensibilityGlobals) = postSolution
		SolutionGuid = {D9998016-C5BF-4DEF-BFD2-F1257B609ACC}
	EndGlobalSection
EndGlobal
