
Microsoft Visual Studio Solution File, Format Version 12.00
# Visual Studio Version 17
VisualStudioVersion = 17.5.002.0
MinimumVisualStudioVersion = 10.0.40219.1
Project("{9A19103F-16F7-4668-BE54-9A1E7A4F7556}") = "Find Rotations", "Find Rotations.csproj", "{30F48BD8-B4D9-4E3A-8694-5C1D8564FC9F}"
EndProject
Global
	GlobalSection(SolutionConfigurationPlatforms) = preSolution
		Debug|Any CPU = Debug|Any CPU
		Release|Any CPU = Release|Any CPU
	EndGlobalSection
	GlobalSection(ProjectConfigurationPlatforms) = postSolution
		{30F48BD8-B4D9-4E3A-8694-5C1D8564FC9F}.Debug|Any CPU.ActiveCfg = Debug|Any CPU
		{30F48BD8-B4D9-4E3A-8694-5C1D8564FC9F}.Debug|Any CPU.Build.0 = Debug|Any CPU
		{30F48BD8-B4D9-4E3A-8694-5C1D8564FC9F}.Release|Any CPU.ActiveCfg = Release|Any CPU
		{30F48BD8-B4D9-4E3A-8694-5C1D8564FC9F}.Release|Any CPU.Build.0 = Release|Any CPU
	EndGlobalSection
	GlobalSection(SolutionProperties) = preSolution
		HideSolutionNode = FALSE
	EndGlobalSection
	GlobalSection(ExtensibilityGlobals) = postSolution
		SolutionGuid = {63D04414-A432-41CC-964F-72144F405B19}
	EndGlobalSection
EndGlobal
